
Microsoft Visual Studio Solution File, Format Version 12.00
# Visual Studio 15
VisualStudioVersion = 15.0.28010.2046
MinimumVisualStudioVersion = 10.0.40219.1
Project("{9A19103F-16F7-4668-BE54-9A1E7A4F7556}") = "HGGM", "HGGM\HGGM.csproj", "{8C2BB360-B887-4FD9-94E1-28E220E0D220}"
EndProject
Project("{9A19103F-16F7-4668-BE54-9A1E7A4F7556}") = "HGGM.UnitTests", "HGGM.UnitTests\HGGM.UnitTests.csproj", "{BCB2DA09-AED1-45FF-9B22-0D3852CACD59}"
EndProject
Project("{FAE04EC0-301F-11D3-BF4B-00C04F79EFBC}") = "HGGM.IntegrationTests", "HGGM.IntegrationTests\HGGM.IntegrationTests.csproj", "{B60E8FD0-FE20-4D42-A1B9-AD49360BAA6E}"
EndProject
Global
	GlobalSection(SolutionConfigurationPlatforms) = preSolution
		Debug|Any CPU = Debug|Any CPU
		Release|Any CPU = Release|Any CPU
	EndGlobalSection
	GlobalSection(ProjectConfigurationPlatforms) = postSolution
		{8C2BB360-B887-4FD9-94E1-28E220E0D220}.Debug|Any CPU.ActiveCfg = Debug|Any CPU
		{8C2BB360-B887-4FD9-94E1-28E220E0D220}.Debug|Any CPU.Build.0 = Debug|Any CPU
		{8C2BB360-B887-4FD9-94E1-28E220E0D220}.Release|Any CPU.ActiveCfg = Release|Any CPU
		{8C2BB360-B887-4FD9-94E1-28E220E0D220}.Release|Any CPU.Build.0 = Release|Any CPU
		{BCB2DA09-AED1-45FF-9B22-0D3852CACD59}.Debug|Any CPU.ActiveCfg = Debug|Any CPU
		{BCB2DA09-AED1-45FF-9B22-0D3852CACD59}.Debug|Any CPU.Build.0 = Debug|Any CPU
		{BCB2DA09-AED1-45FF-9B22-0D3852CACD59}.Release|Any CPU.ActiveCfg = Release|Any CPU
		{BCB2DA09-AED1-45FF-9B22-0D3852CACD59}.Release|Any CPU.Build.0 = Release|Any CPU
		{B60E8FD0-FE20-4D42-A1B9-AD49360BAA6E}.Debug|Any CPU.ActiveCfg = Debug|Any CPU
		{B60E8FD0-FE20-4D42-A1B9-AD49360BAA6E}.Debug|Any CPU.Build.0 = Debug|Any CPU
		{B60E8FD0-FE20-4D42-A1B9-AD49360BAA6E}.Release|Any CPU.ActiveCfg = Release|Any CPU
		{B60E8FD0-FE20-4D42-A1B9-AD49360BAA6E}.Release|Any CPU.Build.0 = Release|Any CPU
	EndGlobalSection
	GlobalSection(SolutionProperties) = preSolution
		HideSolutionNode = FALSE
	EndGlobalSection
	GlobalSection(ExtensibilityGlobals) = postSolution
		SolutionGuid = {06BC545D-5BFA-4B22-A0F9-139132503E48}
	EndGlobalSection
EndGlobal
